PODS:
  - FBSnapshotTestCase (2.1.4):
    - FBSnapshotTestCase/SwiftSupport (= 2.1.4)
  - FBSnapshotTestCase/Core (2.1.4)
  - FBSnapshotTestCase/SwiftSupport (2.1.4):
    - FBSnapshotTestCase/Core
  - NQCaptureKit (0.1.0)

DEPENDENCIES:
  - FBSnapshotTestCase (~> 2.1.4)
  - NQCaptureKit (from `../`)

SPEC REPOS:
  trunk:
    - FBSnapshotTestCase

EXTERNAL SOURCES:
  NQCaptureKit:
    :path: "../"

SPEC CHECKSUMS:
  FBSnapshotTestCase: 094f9f314decbabe373b87cc339bea235a63e07a
  NQCaptureKit: 0d228f7c657b7830fbfc996659b1ea28927310a9

PODFILE CHECKSUM: ecfbc1adf3e36fe9962331a9793ad373f90f209d

COCOAPODS: 1.11.3
